
Microsoft Visual Studio Solution File, Format Version 12.00
# Visual Studio Version 16
VisualStudioVersion = 16.0.31129.286
MinimumVisualStudioVersion = 10.0.40219.1
Project("{FAE04EC0-301F-11D3-BF4B-00C04F79EFBC}") = "AvaloniaSample", "AvaloniaSample.csproj", "{7836B7B2-11EC-4881-B945-5C753F73B514}"
EndProject
Global
	GlobalSection(SolutionConfigurationPlatforms) = preSolution
		Debug|Any CPU = Debug|Any CPU
		Release|Any CPU = Release|Any CPU
	EndGlobalSection
	GlobalSection(ProjectConfigurationPlatforms) = postSolution
		{7836B7B2-11EC-4881-B945-5C753F73B514}.Debug|Any CPU.ActiveCfg = Debug|Any CPU
		{7836B7B2-11EC-4881-B945-5C753F73B514}.Debug|Any CPU.Build.0 = Debug|Any CPU
		{7836B7B2-11EC-4881-B945-5C753F73B514}.Release|Any CPU.ActiveCfg = Release|Any CPU
		{7836B7B2-11EC-4881-B945-5C753F73B514}.Release|Any CPU.Build.0 = Release|Any CPU
	EndGlobalSection
	GlobalSection(SolutionProperties) = preSolution
		HideSolutionNode = FALSE
	EndGlobalSection
	GlobalSection(ExtensibilityGlobals) = postSolution
		SolutionGuid = {BD74D153-99D1-49B8-9F00-B0CE50EBB3F6}
	EndGlobalSection
EndGlobal
